{
  "version": 4,
  "terraform_version": "1.2.3",
  "serial": 16,
  "lineage": "1f1fc6f6-02f9-92e0-5a9e-c1c1a1b55a39",
  "outputs": {
    "kubectl_command": {
      "value": "HTTPS_PROXY=localhost:8888 kubectl",
      "type": "string"
    },
    "ssh": {
      "value": "gcloud compute ssh bastion-vm --project salma-358017 --zone us-central1-a -- -L8888:127.0.0.1:8888",
      "type": "string"
    }
  },
  "resources": [
    {
      "mode": "managed",
      "type": "google_compute_firewall",
      "name": "ssh-firewall",
      "provider": "provider[\"registry.terraform.io/hashicorp/google\"]",
      "instances": [
        {
          "schema_version": 1,
          "attributes": {
            "allow": [
              {
                "ports": [
                  "22"
                ],
                "protocol": "tcp"
              },
              {
                "ports": [],
                "protocol": "icmp"
              }
            ],
            "creation_timestamp": "2022-07-31T11:57:00.278-07:00",
            "deny": [],
            "description": "",
            "destination_ranges": [],
            "direction": "INGRESS",
            "disabled": false,
            "enable_logging": null,
            "id": "projects/salma-358017/global/firewalls/ssh-firewall",
            "log_config": [],
            "name": "ssh-firewall",
            "network": "https://www.googleapis.com/compute/v1/projects/salma-358017/global/networks/vpc-network",
            "priority": 1000,
            "project": "salma-358017",
            "self_link": "https://www.googleapis.com/compute/v1/projects/salma-358017/global/firewalls/ssh-firewall",
            "source_ranges": [
              "35.235.240.0/20"
            ],
            "source_service_accounts": null,
            "source_tags": [
              "bastion-vm"
            ],
            "target_service_accounts": null,
            "target_tags": null,
            "timeouts": null
          },
          "sensitive_attributes": [],
          "private": "eyJlMmJmYjczMC1lY2FhLTExZTYtOGY4OC0zNDM2M2JjN2M0YzAiOnsiY3JlYXRlIjoxMjAwMDAwMDAwMDAwLCJkZWxldGUiOjEyMDAwMDAwMDAwMDAsInVwZGF0ZSI6MTIwMDAwMDAwMDAwMH0sInNjaGVtYV92ZXJzaW9uIjoiMSJ9",
          "dependencies": [
            "module.network.google_compute_address.ip_nat",
            "module.network.google_compute_network.vpc_network",
            "module.network.google_compute_router.router",
            "module.network.google_compute_router_nat.nat",
            "module.network.google_compute_subnetwork.Management_Subnet",
            "module.network.google_compute_subnetwork.Restricted_Subnet"
          ]
        }
      ]
    },
    {
      "mode": "managed",
      "type": "google_compute_instance",
      "name": "bastion",
      "provider": "provider[\"registry.terraform.io/hashicorp/google\"]",
      "instances": [
        {
          "schema_version": 6,
          "attributes": {
            "advanced_machine_features": [],
            "allow_stopping_for_update": null,
            "attached_disk": [],
            "boot_disk": [
              {
                "auto_delete": true,
                "device_name": "persistent-disk-0",
                "disk_encryption_key_raw": "",
                "disk_encryption_key_sha256": "",
                "initialize_params": [
                  {
                    "image": "https://www.googleapis.com/compute/v1/projects/centos-cloud/global/images/centos-7-v20220719",
                    "labels": {},
                    "size": 20,
                    "type": "pd-standard"
                  }
                ],
                "kms_key_self_link": "",
                "mode": "READ_WRITE",
                "source": "https://www.googleapis.com/compute/v1/projects/salma-358017/zones/us-central1-a/disks/bastion-vm"
              }
            ],
            "can_ip_forward": false,
            "confidential_instance_config": [],
            "cpu_platform": "Intel Broadwell",
            "current_status": "RUNNING",
            "deletion_protection": false,
            "description": "",
            "desired_status": null,
            "enable_display": false,
            "guest_accelerator": [],
            "hostname": "",
            "id": "projects/salma-358017/zones/us-central1-a/instances/bastion-vm",
            "instance_id": "3115859310229024402",
            "label_fingerprint": "7Zqu-XqBme4=",
            "labels": {
              "name": "private-vm"
            },
            "machine_type": "e2-micro",
            "metadata": null,
            "metadata_fingerprint": "VeZvC8Mi4fs=",
            "metadata_startup_script": "  #!/bin/bash\n  yum install -y tinyproxy\n  echo \"Allow localhost\"| tee -a /etc/tinyproxy/tinyproxy.conf\n  systemctl restart tinyproxy\n",
            "min_cpu_platform": "",
            "name": "bastion-vm",
            "network_interface": [
              {
                "access_config": [],
                "alias_ip_range": [],
                "ipv6_access_config": [],
                "ipv6_access_type": "",
                "name": "nic0",
                "network": "https://www.googleapis.com/compute/v1/projects/salma-358017/global/networks/vpc-network",
                "network_ip": "10.0.0.2",
                "nic_type": "",
                "queue_count": 0,
                "stack_type": "IPV4_ONLY",
                "subnetwork": "https://www.googleapis.com/compute/v1/projects/salma-358017/regions/us-central1/subnetworks/management-subnet",
                "subnetwork_project": "salma-358017"
              }
            ],
            "project": "salma-358017",
            "reservation_affinity": [],
            "resource_policies": null,
            "scheduling": [
              {
                "automatic_restart": true,
                "instance_termination_action": "",
                "min_node_cpus": 0,
                "node_affinities": [],
                "on_host_maintenance": "MIGRATE",
                "preemptible": false,
                "provisioning_model": "STANDARD"
              }
            ],
            "scratch_disk": [],
            "self_link": "https://www.googleapis.com/compute/v1/projects/salma-358017/zones/us-central1-a/instances/bastion-vm",
            "service_account": [
              {
                "email": "service-account-id@salma-358017.iam.gserviceaccount.com",
                "scopes": [
                  "https://www.googleapis.com/auth/cloud-platform"
                ]
              }
            ],
            "shielded_instance_config": [
              {
                "enable_integrity_monitoring": true,
                "enable_secure_boot": false,
                "enable_vtpm": true
              }
            ],
            "tags": [
              "bastion-vm"
            ],
            "tags_fingerprint": "23AQvPzoIWY=",
            "timeouts": null,
            "zone": "us-central1-a"
          },
          "sensitive_attributes": [],
          "private": "eyJlMmJmYjczMC1lY2FhLTExZTYtOGY4OC0zNDM2M2JjN2M0YzAiOnsiY3JlYXRlIjoxMjAwMDAwMDAwMDAwLCJkZWxldGUiOjEyMDAwMDAwMDAwMDAsInVwZGF0ZSI6MTIwMDAwMDAwMDAwMH0sInNjaGVtYV92ZXJzaW9uIjoiNiJ9",
          "dependencies": [
            "google_service_account.service_account",
            "module.network.google_compute_address.ip_nat",
            "module.network.google_compute_network.vpc_network",
            "module.network.google_compute_router.router",
            "module.network.google_compute_router_nat.nat",
            "module.network.google_compute_subnetwork.Management_Subnet",
            "module.network.google_compute_subnetwork.Restricted_Subnet"
          ]
        }
      ]
    },
    {
      "mode": "managed",
      "type": "google_project_iam_member",
      "name": "vm_sa",
      "provider": "provider[\"registry.terraform.io/hashicorp/google\"]",
      "instances": [
        {
          "schema_version": 0,
          "attributes": {
            "condition": [],
            "etag": "BwXlHnDoMoc=",
            "id": "salma-358017/roles/container.admin/serviceAccount:service-account-id@salma-358017.iam.gserviceaccount.com",
            "member": "serviceAccount:service-account-id@salma-358017.iam.gserviceaccount.com",
            "project": "salma-358017",
            "role": "roles/container.admin"
          },
          "sensitive_attributes": [],
          "private": "bnVsbA==",
          "dependencies": [
            "google_service_account.service_account"
          ]
        }
      ]
    },
    {
      "mode": "managed",
      "type": "google_service_account",
      "name": "service_account",
      "provider": "provider[\"registry.terraform.io/hashicorp/google\"]",
      "instances": [
        {
          "schema_version": 0,
          "attributes": {
            "account_id": "service-account-id",
            "description": "",
            "disabled": false,
            "display_name": "Service Account",
            "email": "service-account-id@salma-358017.iam.gserviceaccount.com",
            "id": "projects/salma-358017/serviceAccounts/service-account-id@salma-358017.iam.gserviceaccount.com",
            "name": "projects/salma-358017/serviceAccounts/service-account-id@salma-358017.iam.gserviceaccount.com",
            "project": "salma-358017",
            "timeouts": null,
            "unique_id": "114181501784389614347"
          },
          "sensitive_attributes": [],
          "private": "eyJlMmJmYjczMC1lY2FhLTExZTYtOGY4OC0zNDM2M2JjN2M0YzAiOnsiY3JlYXRlIjozMDAwMDAwMDAwMDB9fQ=="
        }
      ]
    },
    {
      "module": "module.gke",
      "mode": "managed",
      "type": "google_container_cluster",
      "name": "app_cluster",
      "provider": "provider[\"registry.terraform.io/hashicorp/google\"]",
      "instances": [
        {
          "schema_version": 1,
          "attributes": {
            "addons_config": [
              {
                "cloudrun_config": [],
                "dns_cache_config": [],
                "gce_persistent_disk_csi_driver_config": [
                  {
                    "enabled": true
                  }
                ],
                "gcp_filestore_csi_driver_config": [],
                "horizontal_pod_autoscaling": [],
                "http_load_balancing": [],
                "network_policy_config": [
                  {
                    "disabled": true
                  }
                ]
              }
            ],
            "authenticator_groups_config": [],
            "binary_authorization": [
              {
                "enabled": false,
                "evaluation_mode": ""
              }
            ],
            "cluster_autoscaling": [
              {
                "auto_provisioning_defaults": [],
                "enabled": false,
                "resource_limits": []
              }
            ],
            "cluster_ipv4_cidr": "10.28.0.0/14",
            "confidential_nodes": [],
            "database_encryption": [
              {
                "key_name": "",
                "state": "DECRYPTED"
              }
            ],
            "datapath_provider": "",
            "default_max_pods_per_node": 110,
            "default_snat_status": [
              {
                "disabled": false
              }
            ],
            "description": "",
            "dns_config": [],
            "enable_autopilot": false,
            "enable_binary_authorization": false,
            "enable_intranode_visibility": false,
            "enable_kubernetes_alpha": false,
            "enable_legacy_abac": false,
            "enable_shielded_nodes": true,
            "enable_tpu": false,
            "endpoint": "34.121.200.164",
            "id": "projects/salma-358017/locations/us-central1-a/clusters/gke-cluster",
            "initial_node_count": 1,
            "ip_allocation_policy": [
              {
                "cluster_ipv4_cidr_block": "10.28.0.0/14",
                "cluster_secondary_range_name": "gke-gke-cluster-pods-316fd434",
                "services_ipv4_cidr_block": "10.32.0.0/20",
                "services_secondary_range_name": "gke-gke-cluster-services-316fd434"
              }
            ],
            "label_fingerprint": "a9dc16a7",
            "location": "us-central1-a",
            "logging_config": [
              {
                "enable_components": [
                  "SYSTEM_COMPONENTS",
                  "WORKLOADS"
                ]
              }
            ],
            "logging_service": "logging.googleapis.com/kubernetes",
            "maintenance_policy": [],
            "master_auth": [
              {
                "client_certificate": "",
                "client_certificate_config": [
                  {
                    "issue_client_certificate": false
                  }
                ],
                "client_key": "",
                "cluster_ca_certificate": "LS0tLS1CRUdJTiBDRVJUSUZJQ0FURS0tLS0tCk1JSUVMVENDQXBXZ0F3SUJBZ0lSQUxBTmQ2OEhhNHZ2cDF3VjVtWjBTdUV3RFFZSktvWklodmNOQVFFTEJRQXcKTHpFdE1Dc0dBMVVFQXhNa05qQmhNREE0T1RrdE5UbGhaUzAwTmpBNExXRTNaVEl0Tm1abU56TmlaakJsT0dZNQpNQ0FYRFRJeU1EY3pNVEUzTlRjd01Gb1lEekl3TlRJd056SXpNVGcxTnpBd1dqQXZNUzB3S3dZRFZRUURFeVEyCk1HRXdNRGc1T1MwMU9XRmxMVFEyTURndFlUZGxNaTAyWm1ZM00ySm1NR1U0Wmprd2dnR2lNQTBHQ1NxR1NJYjMKRFFFQkFRVUFBNElCandBd2dnR0tBb0lCZ1FEQkN0WjdwYXlkQ29XOHltYzBiOU9iMzBkTFZXUjJyUVRlZlozawo3ZGNYTW8vSENmSmdSM2pWWG9zUDBFdURON0tmdVJLRVpwWFM2N2paVUw2eGZvRGxQdy9KZ2RKNis4dSsrZFRwCnRaSHp6eVIwTUJEZmt2ZS8zZmlRNW4wOW5NRW1tTHhRVlFrcUdGcDZ6RGZxRjNCaDJwSzkyWXpmTkd3ZEhBWDgKMjQ0WjloV3FmKzM3S0R6Z3BKa2p1RFR3bEhiRmFHN0tiYXVIV0MrZlZ1aFdNMWhobExjV0krUWpVZWFyVWZDaQpuKzJGaXQydzN2OW5JTk4rL3I3R0tHR3psVkJ1NG1vZ2ptQmFWWDlwQUQ1a2lwM1VFTS9hbXpGeDNiUU5oTnhKCnc2VSsvVmxqVkZXNThWRmh5QVBHOTluL2ZCS3dibHh5OXlXajZETyt6RlI2VGg2OGtGVVU2N2J4Y1puT0FFblYKT0htZEpuY2x5SHhGTVhqNmRZRFVneWhyVXR4cVJNaFl1Z1dGRzM2VDExbDFrSURneGtFTkIzUkt0c1lkZWZMMQpNZUo5TStDazBQd3RnR2hTWXBoWG95cEMyQ21USG1xREZQUjFlSUdNUGdjczhYK0lBaDdaQ1FybUsxYmR1U0pNClhsRHdZVHg1dHBGL3crL3R2RzlkeU1UT2dlY0NBd0VBQWFOQ01FQXdEZ1lEVlIwUEFRSC9CQVFEQWdJRU1BOEcKQTFVZEV3RUIvd1FGTUFNQkFmOHdIUVlEVlIwT0JCWUVGQ21xMmhjRzM2UEl6dmU3YTNwVTBFZjlsUVRxTUEwRwpDU3FHU0liM0RRRUJDd1VBQTRJQmdRQi9xTUxZemdTRXBKalJIdEZnMWFXZkl6cnl2dkFtZ2FYOXBNZzJabjI4CklEMVo5ZFVJMld1RWJobDZON0ZWWmtpNUNkU1NiZThxU0hHMDA3MVdTcksvK3piTFVVeDdXeStmQ2xDOTBCSzEKSTJmYVhrVStFeG9aeEkwREVqSGlXbnpNNStwZG03NGpQNHFoelVjalhBVVZ3MWlrYkFNN2dSZVd0b21MSFo5aApTVVFhbFFZa1k2MThPREVXdVBLRUFRb2RQbW1Cc1IzQlRDcjJHbEpMbHhVYVQ2Mk52d3hHTkxWTVMvVlMvU0krCm1yMDZyUFduR1ZKeU9lLzM4Z0htRGhiUCtBQ0tGMkJBdE9YUnFWY2pMdzJzNzh1MDRSbXhISGlmZ29VQitOT0UKdlJoTzlyOUxsU05PWUFsR2UzSUdpcVpqd2htcjNJOGZURU1sV1hnYUt3ZitKM3BVOU0vTWFKajVoc25KaGZDMgpTZWlPU2swSEJNOGd2WkcvTC9YOXNlN1hpVEVBN1hIMlBNVFlNUnM0dHhYb1dDMTZEeE91ZndmRjVJamJubFJIClM1YlZ2RmJWMTZuTnBuMWpKNWNreks0eWhYc2MrWTdVMHlpR1JCOWNrclM4Z2lxYVB6Wk4rTS9TTjZ1VVcyRE4KYkh3V2s0K2E2UXB5YktiSzFCbFRLUVE9Ci0tLS0tRU5EIENFUlRJRklDQVRFLS0tLS0K"
              }
            ],
            "master_authorized_networks_config": [],
            "master_version": "1.22.8-gke.202",
            "min_master_version": null,
            "monitoring_config": [
              {
                "enable_components": [
                  "SYSTEM_COMPONENTS"
                ]
              }
            ],
            "monitoring_service": "monitoring.googleapis.com/kubernetes",
            "name": "gke-cluster",
            "network": "projects/salma-358017/global/networks/default",
            "network_policy": [
              {
                "enabled": false,
                "provider": "PROVIDER_UNSPECIFIED"
              }
            ],
            "networking_mode": "VPC_NATIVE",
            "node_config": [],
            "node_locations": [],
            "node_pool": [],
            "node_version": "1.22.8-gke.202",
            "notification_config": [
              {
                "pubsub": [
                  {
                    "enabled": false,
                    "topic": ""
                  }
                ]
              }
            ],
            "operation": null,
            "private_cluster_config": [
              {
                "enable_private_endpoint": false,
                "enable_private_nodes": true,
                "master_global_access_config": [
                  {
                    "enabled": false
                  }
                ],
                "master_ipv4_cidr_block": "172.16.1.0/28",
                "peering_name": "gke-n313255eae286ca0f62b-cfab-ea8d-peer",
                "private_endpoint": "172.16.1.2",
                "public_endpoint": "34.121.200.164"
              }
            ],
            "private_ipv6_google_access": "",
            "project": "salma-358017",
            "release_channel": [
              {
                "channel": "REGULAR"
              }
            ],
            "remove_default_node_pool": true,
            "resource_labels": null,
            "resource_usage_export_config": [],
            "self_link": "https://container.googleapis.com/v1/projects/salma-358017/zones/us-central1-a/clusters/gke-cluster",
            "services_ipv4_cidr": "10.32.0.0/20",
            "subnetwork": "projects/salma-358017/regions/us-central1/subnetworks/default",
            "timeouts": null,
            "tpu_ipv4_cidr_block": "",
            "vertical_pod_autoscaling": [],
            "workload_identity_config": []
          },
          "sensitive_attributes": [],
          "private": "eyJlMmJmYjczMC1lY2FhLTExZTYtOGY4OC0zNDM2M2JjN2M0YzAiOnsiY3JlYXRlIjoyNDAwMDAwMDAwMDAwLCJkZWxldGUiOjI0MDAwMDAwMDAwMDAsInJlYWQiOjI0MDAwMDAwMDAwMDAsInVwZGF0ZSI6MzYwMDAwMDAwMDAwMH0sInNjaGVtYV92ZXJzaW9uIjoiMSJ9",
          "dependencies": [
            "module.network.google_compute_address.ip_nat",
            "module.network.google_compute_network.vpc_network",
            "module.network.google_compute_router.router",
            "module.network.google_compute_router_nat.nat",
            "module.network.google_compute_subnetwork.Management_Subnet",
            "module.network.google_compute_subnetwork.Restricted_Subnet"
          ]
        }
      ]
    },
    {
      "module": "module.gke",
      "mode": "managed",
      "type": "google_container_node_pool",
      "name": "linux_pool",
      "provider": "provider[\"registry.terraform.io/hashicorp/google\"]",
      "instances": [
        {
          "schema_version": 1,
          "attributes": {
            "autoscaling": [],
            "cluster": "gke-cluster",
            "id": "projects/salma-358017/locations/us-central1-a/clusters/gke-cluster/nodePools/linux-pool",
            "initial_node_count": 3,
            "instance_group_urls": [
              "https://www.googleapis.com/compute/v1/projects/salma-358017/zones/us-central1-a/instanceGroupManagers/gke-gke-cluster-linux-pool-38ab2896-grp"
            ],
            "location": "us-central1-a",
            "managed_instance_group_urls": [
              "https://www.googleapis.com/compute/v1/projects/salma-358017/zones/us-central1-a/instanceGroups/gke-gke-cluster-linux-pool-38ab2896-grp"
            ],
            "management": [
              {
                "auto_repair": true,
                "auto_upgrade": true
              }
            ],
            "max_pods_per_node": 110,
            "name": "linux-pool",
            "name_prefix": "",
            "node_config": [
              {
                "boot_disk_kms_key": "",
                "disk_size_gb": 100,
                "disk_type": "pd-standard",
                "gcfs_config": [],
                "guest_accelerator": [],
                "gvnic": [],
                "image_type": "COS_CONTAINERD",
                "labels": {},
                "local_ssd_count": 0,
                "machine_type": "e2-medium",
                "metadata": {
                  "disable-legacy-endpoints": "true"
                },
                "min_cpu_platform": "",
                "node_group": "",
                "oauth_scopes": [
                  "https://www.googleapis.com/auth/logging.write",
                  "https://www.googleapis.com/auth/monitoring"
                ],
                "preemptible": false,
                "service_account": "gke-sacc@salma-358017.iam.gserviceaccount.com",
                "shielded_instance_config": [
                  {
                    "enable_integrity_monitoring": true,
                    "enable_secure_boot": false
                  }
                ],
                "spot": false,
                "tags": null,
                "taint": [],
                "workload_metadata_config": []
              }
            ],
            "node_count": 3,
            "node_locations": [
              "us-central1-a"
            ],
            "operation": null,
            "project": "salma-358017",
            "timeouts": null,
            "upgrade_settings": [
              {
                "max_surge": 1,
                "max_unavailable": 0
              }
            ],
            "version": "1.22.8-gke.202"
          },
          "sensitive_attributes": [],
          "private": "eyJlMmJmYjczMC1lY2FhLTExZTYtOGY4OC0zNDM2M2JjN2M0YzAiOnsiY3JlYXRlIjoxODAwMDAwMDAwMDAwLCJkZWxldGUiOjE4MDAwMDAwMDAwMDAsInVwZGF0ZSI6MTgwMDAwMDAwMDAwMH0sInNjaGVtYV92ZXJzaW9uIjoiMSJ9",
          "dependencies": [
            "module.gke.google_container_cluster.app_cluster",
            "module.gke.google_service_account.gke_sacc",
            "module.network.google_compute_address.ip_nat",
            "module.network.google_compute_network.vpc_network",
            "module.network.google_compute_router.router",
            "module.network.google_compute_router_nat.nat",
            "module.network.google_compute_subnetwork.Management_Subnet",
            "module.network.google_compute_subnetwork.Restricted_Subnet"
          ]
        }
      ]
    },
    {
      "module": "module.gke",
      "mode": "managed",
      "type": "google_project_iam_member",
      "name": "gke_admin_role",
      "provider": "provider[\"registry.terraform.io/hashicorp/google\"]",
      "instances": [
        {
          "schema_version": 0,
          "attributes": {
            "condition": [],
            "etag": "BwXlHnMF5Co=",
            "id": "salma-358017/roles/storage.objectViewer/serviceAccount:gke-sacc@salma-358017.iam.gserviceaccount.com",
            "member": "serviceAccount:gke-sacc@salma-358017.iam.gserviceaccount.com",
            "project": "salma-358017",
            "role": "roles/storage.objectViewer"
          },
          "sensitive_attributes": [],
          "private": "bnVsbA==",
          "dependencies": [
            "module.gke.google_service_account.gke_sacc",
            "module.network.google_compute_address.ip_nat",
            "module.network.google_compute_network.vpc_network",
            "module.network.google_compute_router.router",
            "module.network.google_compute_router_nat.nat",
            "module.network.google_compute_subnetwork.Management_Subnet",
            "module.network.google_compute_subnetwork.Restricted_Subnet"
          ]
        }
      ]
    },
    {
      "module": "module.gke",
      "mode": "managed",
      "type": "google_project_iam_member",
      "name": "storage_useradmin",
      "provider": "provider[\"registry.terraform.io/hashicorp/google\"]",
      "instances": [
        {
          "schema_version": 0,
          "attributes": {
            "condition": [],
            "etag": "BwXlHnMF5Co=",
            "id": "salma-358017/roles/storage.admin/serviceAccount:gke-sacc@salma-358017.iam.gserviceaccount.com",
            "member": "serviceAccount:gke-sacc@salma-358017.iam.gserviceaccount.com",
            "project": "salma-358017",
            "role": "roles/storage.admin"
          },
          "sensitive_attributes": [],
          "private": "bnVsbA==",
          "dependencies": [
            "module.gke.google_service_account.gke_sacc",
            "module.network.google_compute_address.ip_nat",
            "module.network.google_compute_network.vpc_network",
            "module.network.google_compute_router.router",
            "module.network.google_compute_router_nat.nat",
            "module.network.google_compute_subnetwork.Management_Subnet",
            "module.network.google_compute_subnetwork.Restricted_Subnet"
          ]
        }
      ]
    },
    {
      "module": "module.gke",
      "mode": "managed",
      "type": "google_service_account",
      "name": "gke_sacc",
      "provider": "provider[\"registry.terraform.io/hashicorp/google\"]",
      "instances": [
        {
          "schema_version": 0,
          "attributes": {
            "account_id": "gke-sacc",
            "description": "",
            "disabled": false,
            "display_name": "GKE Service Account",
            "email": "gke-sacc@salma-358017.iam.gserviceaccount.com",
            "id": "projects/salma-358017/serviceAccounts/gke-sacc@salma-358017.iam.gserviceaccount.com",
            "name": "projects/salma-358017/serviceAccounts/gke-sacc@salma-358017.iam.gserviceaccount.com",
            "project": "salma-358017",
            "timeouts": null,
            "unique_id": "117624187632664994108"
          },
          "sensitive_attributes": [],
          "private": "eyJlMmJmYjczMC1lY2FhLTExZTYtOGY4OC0zNDM2M2JjN2M0YzAiOnsiY3JlYXRlIjozMDAwMDAwMDAwMDB9fQ==",
          "dependencies": [
            "module.network.google_compute_address.ip_nat",
            "module.network.google_compute_network.vpc_network",
            "module.network.google_compute_router.router",
            "module.network.google_compute_router_nat.nat",
            "module.network.google_compute_subnetwork.Management_Subnet",
            "module.network.google_compute_subnetwork.Restricted_Subnet"
          ]
        }
      ]
    },
    {
      "module": "module.network",
      "mode": "managed",
      "type": "google_compute_address",
      "name": "ip_nat",
      "provider": "provider[\"registry.terraform.io/hashicorp/google\"]",
      "instances": [
        {
          "schema_version": 0,
          "attributes": {
            "address": "34.70.250.159",
            "address_type": "EXTERNAL",
            "creation_timestamp": "2022-07-31T11:56:23.869-07:00",
            "description": "",
            "id": "projects/salma-358017/regions/us-central1/addresses/ip-nat",
            "name": "ip-nat",
            "network": "",
            "network_tier": "PREMIUM",
            "prefix_length": 0,
            "project": "salma-358017",
            "purpose": "",
            "region": "us-central1",
            "self_link": "https://www.googleapis.com/compute/v1/projects/salma-358017/regions/us-central1/addresses/ip-nat",
            "subnetwork": "",
            "timeouts": null,
            "users": []
          },
          "sensitive_attributes": [],
          "private": "eyJlMmJmYjczMC1lY2FhLTExZTYtOGY4OC0zNDM2M2JjN2M0YzAiOnsiY3JlYXRlIjoxMjAwMDAwMDAwMDAwLCJkZWxldGUiOjEyMDAwMDAwMDAwMDB9fQ=="
        }
      ]
    },
    {
      "module": "module.network",
      "mode": "managed",
      "type": "google_compute_network",
      "name": "vpc_network",
      "provider": "provider[\"registry.terraform.io/hashicorp/google\"]",
      "instances": [
        {
          "schema_version": 0,
          "attributes": {
            "auto_create_subnetworks": false,
            "delete_default_routes_on_create": false,
            "description": "",
            "enable_ula_internal_ipv6": false,
            "gateway_ipv4": "",
            "id": "projects/salma-358017/global/networks/vpc-network",
            "internal_ipv6_range": "",
            "mtu": 1460,
            "name": "vpc-network",
            "project": "salma-358017",
            "routing_mode": "REGIONAL",
            "self_link": "https://www.googleapis.com/compute/v1/projects/salma-358017/global/networks/vpc-network",
            "timeouts": null
          },
          "sensitive_attributes": [],
          "private": "eyJlMmJmYjczMC1lY2FhLTExZTYtOGY4OC0zNDM2M2JjN2M0YzAiOnsiY3JlYXRlIjoxMjAwMDAwMDAwMDAwLCJkZWxldGUiOjEyMDAwMDAwMDAwMDAsInVwZGF0ZSI6MTIwMDAwMDAwMDAwMH19"
        }
      ]
    },
    {
      "module": "module.network",
      "mode": "managed",
      "type": "google_compute_router",
      "name": "router",
      "provider": "provider[\"registry.terraform.io/hashicorp/google\"]",
      "instances": [
        {
          "schema_version": 0,
          "attributes": {
            "bgp": [],
            "creation_timestamp": "2022-07-31T11:56:35.782-07:00",
            "description": "",
            "encrypted_interconnect_router": false,
            "id": "projects/salma-358017/regions/us-central1/routers/router",
            "name": "router",
            "network": "https://www.googleapis.com/compute/v1/projects/salma-358017/global/networks/vpc-network",
            "project": "salma-358017",
            "region": "us-central1",
            "self_link": "https://www.googleapis.com/compute/v1/projects/salma-358017/regions/us-central1/routers/router",
            "timeouts": null
          },
          "sensitive_attributes": [],
          "private": "eyJlMmJmYjczMC1lY2FhLTExZTYtOGY4OC0zNDM2M2JjN2M0YzAiOnsiY3JlYXRlIjoxMjAwMDAwMDAwMDAwLCJkZWxldGUiOjEyMDAwMDAwMDAwMDAsInVwZGF0ZSI6MTIwMDAwMDAwMDAwMH19",
          "dependencies": [
            "module.network.google_compute_network.vpc_network"
          ]
        }
      ]
    },
    {
      "module": "module.network",
      "mode": "managed",
      "type": "google_compute_router_nat",
      "name": "nat",
      "provider": "provider[\"registry.terraform.io/hashicorp/google\"]",
      "instances": [
        {
          "schema_version": 0,
          "attributes": {
            "drain_nat_ips": null,
            "enable_dynamic_port_allocation": false,
            "enable_endpoint_independent_mapping": true,
            "icmp_idle_timeout_sec": 30,
            "id": "salma-358017/us-central1/router/nat",
            "log_config": [],
            "max_ports_per_vm": 0,
            "min_ports_per_vm": 0,
            "name": "nat",
            "nat_ip_allocate_option": "MANUAL_ONLY",
            "nat_ips": [
              "https://www.googleapis.com/compute/v1/projects/salma-358017/regions/us-central1/addresses/ip-nat"
            ],
            "project": "salma-358017",
            "region": "us-central1",
            "router": "router",
            "source_subnetwork_ip_ranges_to_nat": "LIST_OF_SUBNETWORKS",
            "subnetwork": [
              {
                "name": "projects/salma-358017/regions/us-central1/subnetworks/management-subnet",
                "secondary_ip_range_names": [],
                "source_ip_ranges_to_nat": [
                  "ALL_IP_RANGES"
                ]
              },
              {
                "name": "projects/salma-358017/regions/us-central1/subnetworks/restricted-subnet",
                "secondary_ip_range_names": [],
                "source_ip_ranges_to_nat": [
                  "ALL_IP_RANGES"
                ]
              }
            ],
            "tcp_established_idle_timeout_sec": 1200,
            "tcp_transitory_idle_timeout_sec": 30,
            "timeouts": null,
            "udp_idle_timeout_sec": 30
          },
          "sensitive_attributes": [],
          "private": "eyJlMmJmYjczMC1lY2FhLTExZTYtOGY4OC0zNDM2M2JjN2M0YzAiOnsiY3JlYXRlIjoxMjAwMDAwMDAwMDAwLCJkZWxldGUiOjEyMDAwMDAwMDAwMDAsInVwZGF0ZSI6MTIwMDAwMDAwMDAwMH19",
          "dependencies": [
            "module.network.google_compute_address.ip_nat",
            "module.network.google_compute_network.vpc_network",
            "module.network.google_compute_router.router",
            "module.network.google_compute_subnetwork.Management_Subnet",
            "module.network.google_compute_subnetwork.Restricted_Subnet"
          ]
        }
      ]
    },
    {
      "module": "module.network",
      "mode": "managed",
      "type": "google_compute_subnetwork",
      "name": "Management_Subnet",
      "provider": "provider[\"registry.terraform.io/hashicorp/google\"]",
      "instances": [
        {
          "schema_version": 0,
          "attributes": {
            "creation_timestamp": "2022-07-31T11:56:35.386-07:00",
            "description": "",
            "external_ipv6_prefix": "",
            "fingerprint": null,
            "gateway_address": "10.0.0.1",
            "id": "projects/salma-358017/regions/us-central1/subnetworks/management-subnet",
            "ip_cidr_range": "10.0.0.0/24",
            "ipv6_access_type": "",
            "ipv6_cidr_range": "",
            "log_config": [],
            "name": "management-subnet",
            "network": "https://www.googleapis.com/compute/v1/projects/salma-358017/global/networks/vpc-network",
            "private_ip_google_access": true,
            "private_ipv6_google_access": "DISABLE_GOOGLE_ACCESS",
            "project": "salma-358017",
            "purpose": "PRIVATE",
            "region": "us-central1",
            "role": "",
            "secondary_ip_range": [],
            "self_link": "https://www.googleapis.com/compute/v1/projects/salma-358017/regions/us-central1/subnetworks/management-subnet",
            "stack_type": "IPV4_ONLY",
            "timeouts": null
          },
          "sensitive_attributes": [],
          "private": "eyJlMmJmYjczMC1lY2FhLTExZTYtOGY4OC0zNDM2M2JjN2M0YzAiOnsiY3JlYXRlIjoxMjAwMDAwMDAwMDAwLCJkZWxldGUiOjEyMDAwMDAwMDAwMDAsInVwZGF0ZSI6MTIwMDAwMDAwMDAwMH19",
          "dependencies": [
            "module.network.google_compute_network.vpc_network"
          ]
        }
      ]
    },
    {
      "module": "module.network",
      "mode": "managed",
      "type": "google_compute_subnetwork",
      "name": "Restricted_Subnet",
      "provider": "provider[\"registry.terraform.io/hashicorp/google\"]",
      "instances": [
        {
          "schema_version": 0,
          "attributes": {
            "creation_timestamp": "2022-07-31T11:56:35.884-07:00",
            "description": "",
            "external_ipv6_prefix": "",
            "fingerprint": null,
            "gateway_address": "10.0.1.1",
            "id": "projects/salma-358017/regions/us-central1/subnetworks/restricted-subnet",
            "ip_cidr_range": "10.0.1.0/24",
            "ipv6_access_type": "",
            "ipv6_cidr_range": "",
            "log_config": [],
            "name": "restricted-subnet",
            "network": "https://www.googleapis.com/compute/v1/projects/salma-358017/global/networks/vpc-network",
            "private_ip_google_access": true,
            "private_ipv6_google_access": "DISABLE_GOOGLE_ACCESS",
            "project": "salma-358017",
            "purpose": "PRIVATE",
            "region": "us-central1",
            "role": "",
            "secondary_ip_range": [],
            "self_link": "https://www.googleapis.com/compute/v1/projects/salma-358017/regions/us-central1/subnetworks/restricted-subnet",
            "stack_type": "IPV4_ONLY",
            "timeouts": null
          },
          "sensitive_attributes": [],
          "private": "eyJlMmJmYjczMC1lY2FhLTExZTYtOGY4OC0zNDM2M2JjN2M0YzAiOnsiY3JlYXRlIjoxMjAwMDAwMDAwMDAwLCJkZWxldGUiOjEyMDAwMDAwMDAwMDAsInVwZGF0ZSI6MTIwMDAwMDAwMDAwMH19",
          "dependencies": [
            "module.network.google_compute_network.vpc_network"
          ]
        }
      ]
    }
  ]
}
